
Microsoft Visual Studio Solution File, Format Version 12.00
# Visual Studio Version 16
VisualStudioVersion = 16.0.34601.136
MinimumVisualStudioVersion = 10.0.40219.1
Project("{FAE04EC0-301F-11D3-BF4B-00C04F79EFBC}") = "Simple Calculator", "Simple Calculator.csproj", "{A824E7A8-179E-44FE-B683-7464C883AE7F}"
EndProject
Global
	GlobalSection(SolutionConfigurationPlatforms) = preSolution
		Debug|Any CPU = Debug|Any CPU
		Release|Any CPU = Release|Any CPU
	EndGlobalSection
	GlobalSection(ProjectConfigurationPlatforms) = postSolution
		{A824E7A8-179E-44FE-B683-7464C883AE7F}.Debug|Any CPU.ActiveCfg = Debug|Any CPU
		{A824E7A8-179E-44FE-B683-7464C883AE7F}.Debug|Any CPU.Build.0 = Debug|Any CPU
		{A824E7A8-179E-44FE-B683-7464C883AE7F}.Release|Any CPU.ActiveCfg = Release|Any CPU
		{A824E7A8-179E-44FE-B683-7464C883AE7F}.Release|Any CPU.Build.0 = Release|Any CPU
	EndGlobalSection
	GlobalSection(SolutionProperties) = preSolution
		HideSolutionNode = FALSE
	EndGlobalSection
	GlobalSection(ExtensibilityGlobals) = postSolution
		SolutionGuid = {F55FA2A0-86D7-46A9-896F-CF443D2FF0E9}
	EndGlobalSection
EndGlobal
